
Microsoft Visual Studio Solution File, Format Version 12.00
# Visual Studio 2015
Project("{FAE04EC0-301F-11D3-BF4B-00C04F79EFBC}") = "Ghost-Hunter.CSharp", "Ghost-Hunter.CSharp.csproj", "{093242AB-87B2-2B9C-A801-37ABEBE96111}"
EndProject
Global
	GlobalSection(SolutionConfigurationPlatforms) = preSolution
		Debug|Any CPU = Debug|Any CPU
		Release|Any CPU = Release|Any CPU
	EndGlobalSection
	GlobalSection(ProjectConfigurationPlatforms) = postSolution
		{093242AB-87B2-2B9C-A801-37ABEBE96111}.Debug|Any CPU.ActiveCfg = Debug|Any CPU
		{093242AB-87B2-2B9C-A801-37ABEBE96111}.Debug|Any CPU.Build.0 = Debug|Any CPU
		{093242AB-87B2-2B9C-A801-37ABEBE96111}.Release|Any CPU.ActiveCfg = Release|Any CPU
		{093242AB-87B2-2B9C-A801-37ABEBE96111}.Release|Any CPU.Build.0 = Release|Any CPU
	EndGlobalSection
	GlobalSection(SolutionProperties) = preSolution
		HideSolutionNode = FALSE
	EndGlobalSection
EndGlobal
